
Microsoft Visual Studio Solution File, Format Version 12.00
# Visual Studio Version 17
VisualStudioVersion = 17.9.34701.34
MinimumVisualStudioVersion = 10.0.40219.1
Project("{FAE04EC0-301F-11D3-BF4B-00C04F79EFBC}") = "ChallengeCalculator", "ChallengeCalculator\ChallengeCalculator.csproj", "{4A64D7AB-D233-4012-8A7C-F9DAC95C555A}"
EndProject
Project("{FAE04EC0-301F-11D3-BF4B-00C04F79EFBC}") = "Tests", "Tests\Tests.csproj", "{C1C34B38-6D36-48EF-974B-F289699ADC86}"
EndProject
Global
	GlobalSection(SolutionConfigurationPlatforms) = preSolution
		Debug|Any CPU = Debug|Any CPU
		Release|Any CPU = Release|Any CPU
	EndGlobalSection
	GlobalSection(ProjectConfigurationPlatforms) = postSolution
		{4A64D7AB-D233-4012-8A7C-F9DAC95C555A}.Debug|Any CPU.ActiveCfg = Debug|Any CPU
		{4A64D7AB-D233-4012-8A7C-F9DAC95C555A}.Debug|Any CPU.Build.0 = Debug|Any CPU
		{4A64D7AB-D233-4012-8A7C-F9DAC95C555A}.Release|Any CPU.ActiveCfg = Release|Any CPU
		{4A64D7AB-D233-4012-8A7C-F9DAC95C555A}.Release|Any CPU.Build.0 = Release|Any CPU
		{C1C34B38-6D36-48EF-974B-F289699ADC86}.Debug|Any CPU.ActiveCfg = Debug|Any CPU
		{C1C34B38-6D36-48EF-974B-F289699ADC86}.Debug|Any CPU.Build.0 = Debug|Any CPU
		{C1C34B38-6D36-48EF-974B-F289699ADC86}.Release|Any CPU.ActiveCfg = Release|Any CPU
		{C1C34B38-6D36-48EF-974B-F289699ADC86}.Release|Any CPU.Build.0 = Release|Any CPU
	EndGlobalSection
	GlobalSection(SolutionProperties) = preSolution
		HideSolutionNode = FALSE
	EndGlobalSection
	GlobalSection(ExtensibilityGlobals) = postSolution
		SolutionGuid = {7B30A42B-9A66-47AD-911B-01F82CC79350}
	EndGlobalSection
EndGlobal
